
Microsoft Visual Studio Solution File, Format Version 12.00
# Visual Studio Version 16
VisualStudioVersion = 16.0.30907.101
MinimumVisualStudioVersion = 10.0.40219.1
Project("{9A19103F-16F7-4668-BE54-9A1E7A4F7556}") = "DataAccess", "DataAccess\DataAccess.csproj", "{CE8FC802-F537-4C84-AB5B-B2F403318218}"
EndProject
Project("{9A19103F-16F7-4668-BE54-9A1E7A4F7556}") = "Business", "Business\Business.csproj", "{3ADDE202-FFB0-432E-A2E3-86DA5CB92FAB}"
EndProject
Project("{9A19103F-16F7-4668-BE54-9A1E7A4F7556}") = "Entities", "Entities\Entities.csproj", "{A1976A93-5144-4735-BCDB-F0BDC4B15AEA}"
EndProject
Project("{9A19103F-16F7-4668-BE54-9A1E7A4F7556}") = "ConsoleUI", "ConsoleUI\ConsoleUI.csproj", "{6ED63A91-0DA4-4382-B794-4167E4C22066}"
EndProject
Project("{9A19103F-16F7-4668-BE54-9A1E7A4F7556}") = "Core", "Core\Core.csproj", "{846C7CCF-BA4F-42FC-8108-0F31035DB234}"
EndProject
Project("{FAE04EC0-301F-11D3-BF4B-00C04F79EFBC}") = "WebAPI", "WebAPI\WebAPI.csproj", "{AC50D134-6B5D-4B4B-A152-F068B3DE6AC3}"
EndProject
Global
	GlobalSection(SolutionConfigurationPlatforms) = preSolution
		Debug|Any CPU = Debug|Any CPU
		Release|Any CPU = Release|Any CPU
	EndGlobalSection
	GlobalSection(ProjectConfigurationPlatforms) = postSolution
		{CE8FC802-F537-4C84-AB5B-B2F403318218}.Debug|Any CPU.ActiveCfg = Debug|Any CPU
		{CE8FC802-F537-4C84-AB5B-B2F403318218}.Debug|Any CPU.Build.0 = Debug|Any CPU
		{CE8FC802-F537-4C84-AB5B-B2F403318218}.Release|Any CPU.ActiveCfg = Release|Any CPU
		{CE8FC802-F537-4C84-AB5B-B2F403318218}.Release|Any CPU.Build.0 = Release|Any CPU
		{3ADDE202-FFB0-432E-A2E3-86DA5CB92FAB}.Debug|Any CPU.ActiveCfg = Debug|Any CPU
		{3ADDE202-FFB0-432E-A2E3-86DA5CB92FAB}.Debug|Any CPU.Build.0 = Debug|Any CPU
		{3ADDE202-FFB0-432E-A2E3-86DA5CB92FAB}.Release|Any CPU.ActiveCfg = Release|Any CPU
		{3ADDE202-FFB0-432E-A2E3-86DA5CB92FAB}.Release|Any CPU.Build.0 = Release|Any CPU
		{A1976A93-5144-4735-BCDB-F0BDC4B15AEA}.Debug|Any CPU.ActiveCfg = Debug|Any CPU
		{A1976A93-5144-4735-BCDB-F0BDC4B15AEA}.Debug|Any CPU.Build.0 = Debug|Any CPU
		{A1976A93-5144-4735-BCDB-F0BDC4B15AEA}.Release|Any CPU.ActiveCfg = Release|Any CPU
		{A1976A93-5144-4735-BCDB-F0BDC4B15AEA}.Release|Any CPU.Build.0 = Release|Any CPU
		{6ED63A91-0DA4-4382-B794-4167E4C22066}.Debug|Any CPU.ActiveCfg = Debug|Any CPU
		{6ED63A91-0DA4-4382-B794-4167E4C22066}.Debug|Any CPU.Build.0 = Debug|Any CPU
		{6ED63A91-0DA4-4382-B794-4167E4C22066}.Release|Any CPU.ActiveCfg = Release|Any CPU
		{6ED63A91-0DA4-4382-B794-4167E4C22066}.Release|Any CPU.Build.0 = Release|Any CPU
		{846C7CCF-BA4F-42FC-8108-0F31035DB234}.Debug|Any CPU.ActiveCfg = Debug|Any CPU
		{846C7CCF-BA4F-42FC-8108-0F31035DB234}.Debug|Any CPU.Build.0 = Debug|Any CPU
		{846C7CCF-BA4F-42FC-8108-0F31035DB234}.Release|Any CPU.ActiveCfg = Release|Any CPU
		{846C7CCF-BA4F-42FC-8108-0F31035DB234}.Release|Any CPU.Build.0 = Release|Any CPU
		{AC50D134-6B5D-4B4B-A152-F068B3DE6AC3}.Debug|Any CPU.ActiveCfg = Debug|Any CPU
		{AC50D134-6B5D-4B4B-A152-F068B3DE6AC3}.Debug|Any CPU.Build.0 = Debug|Any CPU
		{AC50D134-6B5D-4B4B-A152-F068B3DE6AC3}.Release|Any CPU.ActiveCfg = Release|Any CPU
		{AC50D134-6B5D-4B4B-A152-F068B3DE6AC3}.Release|Any CPU.Build.0 = Release|Any CPU
	EndGlobalSection
	GlobalSection(SolutionProperties) = preSolution
		HideSolutionNode = FALSE
	EndGlobalSection
	GlobalSection(ExtensibilityGlobals) = postSolution
		SolutionGuid = {3DC61B6F-0BB6-4D9E-95BD-270B75BD06CB}
	EndGlobalSection
EndGlobal
